// !$*UTF8*$!
{
	archiveVersion = 1;
	classes = {
	};
	objectVersion = 50;
	objects = {

/* Begin PBXBuildFile section */
		3C4E8C33239745F10090C25F /* AppDelegate.swift in Sources */ = {isa = PBXBuildFile; fileRef = 3C4E8C32239745F10090C25F /* AppDelegate.swift */; };
		3C4E8C35239745F10090C25F /* art.scnassets in Resources */ = {isa = PBXBuildFile; fileRef = 3C4E8C34239745F10090C25F /* art.scnassets */; };
		3C4E8C37239745F10090C25F /* ViewController.swift in Sources */ = {isa = PBXBuildFile; fileRef = 3C4E8C36239745F10090C25F /* ViewController.swift */; };
		3C4E8C3A239745F10090C25F /* Main.storyboard in Resources */ = {isa = PBXBuildFile; fileRef = 3C4E8C38239745F10090C25F /* Main.storyboard */; };
		3C4E8C3C239745F20090C25F /* Assets.xcassets in Resources */ = {isa = PBXBuildFile; fileRef = 3C4E8C3B239745F20090C25F /* Assets.xcassets */; };
		3C4E8C3F239745F20090C25F /* LaunchScreen.storyboard in Resources */ = {isa = PBXBuildFile; fileRef = 3C4E8C3D239745F20090C25F /* LaunchScreen.storyboard */; };
		3C4E8C472397467D0090C25F /* giraffe.gif in Resources */ = {isa = PBXBuildFile; fileRef = 3C4E8C462397467C0090C25F /* giraffe.gif */; };
		3C4E8C49239749590090C25F /* UIImage+Gif.swift in Sources */ = {isa = PBXBuildFile; fileRef = 3C4E8C48239749590090C25F /* UIImage+Gif.swift */; };
/* End PBXBuildFile section */

/* Begin PBXFileReference section */
		3C4E8C2F239745F10090C25F /* ARKit-GIF-tutorial.app */ = {isa = PBXFileReference; explicitFileType = wrapper.application; includeInIndex = 0; path = "ARKit-GIF-tutorial.app"; sourceTree = BUILT_PRODUCTS_DIR; };
		3C4E8C32239745F10090C25F /* AppDelegate.swift */ = {isa = PBXFileReference; lastKnownFileType = sourcecode.swift; path = AppDelegate.swift; sourceTree = "<group>"; };
		3C4E8C34239745F10090C25F /* art.scnassets */ = {isa = PBXFileReference; lastKnownFileType = wrapper.scnassets; path = art.scnassets; sourceTree = "<group>"; };
		3C4E8C36239745F10090C25F /* ViewController.swift */ = {isa = PBXFileReference; lastKnownFileType = sourcecode.swift; path = ViewController.swift; sourceTree = "<group>"; };
		3C4E8C39239745F10090C25F /* Base */ = {isa = PBXFileReference; lastKnownFileType = file.storyboard; name = Base; path = Base.lproj/Main.storyboard; sourceTree = "<group>"; };
		3C4E8C3B239745F20090C25F /* Assets.xcassets */ = {isa = PBXFileReference; lastKnownFileType = folder.assetcatalog; path = Assets.xcassets; sourceTree = "<group>"; };
		3C4E8C3E239745F20090C25F /* Base */ = {isa = PBXFileReference; lastKnownFileType = file.storyboard; name = Base; path = Base.lproj/LaunchScreen.storyboard; sourceTree = "<group>"; };
		3C4E8C40239745F20090C25F /* Info.plist */ = {isa = PBXFileReference; lastKnownFileType = text.plist.xml; path = Info.plist; sourceTree = "<group>"; };
		3C4E8C462397467C0090C25F /* giraffe.gif */ = {isa = PBXFileReference; lastKnownFileType = image.gif; path = giraffe.gif; sourceTree = "<group>"; };
		3C4E8C48239749590090C25F /* UIImage+Gif.swift */ = {isa = PBXFileReference; fileEncoding = 4; lastKnownFileType = sourcecode.swift; path = "UIImage+Gif.swift"; sourceTree = "<group>"; };
/* End PBXFileReference section */

/* Begin PBXFrameworksBuildPhase section */
		3C4E8C2C239745F10090C25F /* Frameworks */ = {
			isa = PBXFrameworksBuildPhase;
			buildActionMask = 2147483647;
			files = (
			);
			runOnlyForDeploymentPostprocessing = 0;
		};
/* End PBXFrameworksBuildPhase section */

/* Begin PBXGroup section */
		3C4E8C26239745F10090C25F = {
			isa = PBXGroup;
			children = (
				3C4E8C31239745F10090C25F /* ARKit-GIF-tutorial */,
				3C4E8C30239745F10090C25F /* Products */,
			);
			sourceTree = "<group>";
		};
		3C4E8C30239745F10090C25F /* Products */ = {
			isa = PBXGroup;
			children = (
				3C4E8C2F239745F10090C25F /* ARKit-GIF-tutorial.app */,
			);
			name = Products;
			sourceTree = "<group>";
		};
		3C4E8C31239745F10090C25F /* ARKit-GIF-tutorial */ = {
			isa = PBXGroup;
			children = (
				3C4E8C48239749590090C25F /* UIImage+Gif.swift */,
				3C4E8C462397467C0090C25F /* giraffe.gif */,
				3C4E8C32239745F10090C25F /* AppDelegate.swift */,
				3C4E8C34239745F10090C25F /* art.scnassets */,
				3C4E8C36239745F10090C25F /* ViewController.swift */,
				3C4E8C38239745F10090C25F /* Main.storyboard */,
				3C4E8C3B239745F20090C25F /* Assets.xcassets */,
				3C4E8C3D239745F20090C25F /* LaunchScreen.storyboard */,
				3C4E8C40239745F20090C25F /* Info.plist */,
			);
			path = "ARKit-GIF-tutorial";
			sourceTree = "<group>";
		};
/* End PBXGroup section */

/* Begin PBXNativeTarget section */
		3C4E8C2E239745F10090C25F /* ARKit-GIF-tutorial */ = {
			isa = PBXNativeTarget;
			buildConfigurationList = 3C4E8C43239745F20090C25F /* Build configuration list for PBXNativeTarget "ARKit-GIF-tutorial" */;
			buildPhases = (
				3C4E8C2B239745F10090C25F /* Sources */,
				3C4E8C2C239745F10090C25F /* Frameworks */,
				3C4E8C2D239745F10090C25F /* Resources */,
			);
			buildRules = (
			);
			dependencies = (
			);
			name = "ARKit-GIF-tutorial";
			productName = "ARKit-GIF-tutorial";
			productReference = 3C4E8C2F239745F10090C25F /* ARKit-GIF-tutorial.app */;
			productType = "com.apple.product-type.application";
		};
/* End PBXNativeTarget section */

/* Begin PBXProject section */
		3C4E8C27239745F10090C25F /* Project object */ = {
			isa = PBXProject;
			attributes = {
				LastSwiftUpdateCheck = 1120;
				LastUpgradeCheck = 1120;
				ORGANIZATIONNAME = "Modium Design";
				TargetAttributes = {
					3C4E8C2E239745F10090C25F = {
						CreatedOnToolsVersion = 11.2;
					};
				};
			};
			buildConfigurationList = 3C4E8C2A239745F10090C25F /* Build configuration list for PBXProject "ARKit-GIF-tutorial" */;
			compatibilityVersion = "Xcode 9.3";
			developmentRegion = en;
			hasScannedForEncodings = 0;
			knownRegions = (
				en,
				Base,
			);
			mainGroup = 3C4E8C26239745F10090C25F;
			productRefGroup = 3C4E8C30239745F10090C25F /* Products */;
			projectDirPath = "";
			projectRoot = "";
			targets = (
				3C4E8C2E239745F10090C25F /* ARKit-GIF-tutorial */,
			);
		};
/* End PBXProject section */

/* Begin PBXResourcesBuildPhase section */
		3C4E8C2D239745F10090C25F /* Resources */ = {
			isa = PBXResourcesBuildPhase;
			buildActionMask = 2147483647;
			files = (
				3C4E8C35239745F10090C25F /* art.scnassets in Resources */,
				3C4E8C3F239745F20090C25F /* LaunchScreen.storyboard in Resources */,
				3C4E8C472397467D0090C25F /* giraffe.gif in Resources */,
				3C4E8C3C239745F20090C25F /* Assets.xcassets in Resources */,
				3C4E8C3A239745F10090C25F /* Main.storyboard in Resources */,
			);
			runOnlyForDeploymentPostprocessing = 0;
		};
/* End PBXResourcesBuildPhase section */

/* Begin PBXSourcesBuildPhase section */
		3C4E8C2B239745F10090C25F /* Sources */ = {
			isa = PBXSourcesBuildPhase;
			buildActionMask = 2147483647;
			files = (
				3C4E8C49239749590090C25F /* UIImage+Gif.swift in Sources */,
				3C4E8C37239745F10090C25F /* ViewController.swift in Sources */,
				3C4E8C33239745F10090C25F /* AppDelegate.swift in Sources */,
			);
			runOnlyForDeploymentPostprocessing = 0;
		};
/* End PBXSourcesBuildPhase section */

/* Begin PBXVariantGroup section */
		3C4E8C38239745F10090C25F /* Main.storyboard */ = {
			isa = PBXVariantGroup;
			children = (
				3C4E8C39239745F10090C25F /* Base */,
			);
			name = Main.storyboard;
			sourceTree = "<group>";
		};
		3C4E8C3D239745F20090C25F /* LaunchScreen.storyboard */ = {
			isa = PBXVariantGroup;
			children = (
				3C4E8C3E239745F20090C25F /* Base */,
			);
			name = LaunchScreen.storyboard;
			sourceTree = "<group>";
		};
/* End PBXVariantGroup section */

/* Begin XCBuildConfiguration section */
		3C4E8C41239745F20090C25F /* Debug */ = {
			isa = XCBuildConfiguration;
			buildSettings = {
				ALWAYS_SEARCH_USER_PATHS = NO;
				CLANG_ANALYZER_NONNULL = YES;
				CLANG_ANALYZER_NUMBER_OBJECT_CONVERSION = YES_AGGRESSIVE;
				CLANG_CXX_LANGUAGE_STANDARD = "gnu++14";
				CLANG_CXX_LIBRARY = "libc++";
				CLANG_ENABLE_MODULES = YES;
				CLANG_ENABLE_OBJC_ARC = YES;
				CLANG_ENABLE_OBJC_WEAK = YES;
				CLANG_WARN_BLOCK_CAPTURE_AUTORELEASING = YES;
				CLANG_WARN_BOOL_CONVERSION = YES;
				CLANG_WARN_COMMA = YES;
				CLANG_WARN_CONSTANT_CONVERSION = YES;
				CLANG_WARN_DEPRECATED_OBJC_IMPLEMENTATIONS = YES;
				CLANG_WARN_DIRECT_OBJC_ISA_USAGE = YES_ERROR;
				CLANG_WARN_DOCUMENTATION_COMMENTS = YES;
				CLANG_WARN_EMPTY_BODY = YES;
				CLANG_WARN_ENUM_CONVERSION = YES;
				CLANG_WARN_INFINITE_RECURSION = YES;
				CLANG_WARN_INT_CONVERSION = YES;
				CLANG_WARN_NON_LITERAL_NULL_CONVERSION = YES;
				CLANG_WARN_OBJC_IMPLICIT_RETAIN_SELF = YES;
				CLANG_WARN_OBJC_LITERAL_CONVERSION = YES;
				CLANG_WARN_OBJC_ROOT_CLASS = YES_ERROR;
				CLANG_WARN_RANGE_LOOP_ANALYSIS = YES;
				CLANG_WARN_STRICT_PROTOTYPES = YES;
				CLANG_WARN_SUSPICIOUS_MOVE = YES;
				CLANG_WARN_UNGUARDED_AVAILABILITY = YES_AGGRESSIVE;
				CLANG_WARN_UNREACHABLE_CODE = YES;
				CLANG_WARN__DUPLICATE_METHOD_MATCH = YES;
				COPY_PHASE_STRIP = NO;
				DEBUG_INFORMATION_FORMAT = dwarf;
				ENABLE_STRICT_OBJC_MSGSEND = YES;
				ENABLE_TESTABILITY = YES;
				GCC_C_LANGUAGE_STANDARD = gnu11;
				GCC_DYNAMIC_NO_PIC = NO;
				GCC_NO_COMMON_BLOCKS = YES;
				GCC_OPTIMIZATION_LEVEL = 0;
				GCC_PREPROCESSOR_DEFINITIONS = (
					"DEBUG=1",
					"$(inherited)",
				);
				GCC_WARN_64_TO_32_BIT_CONVERSION = YES;
				GCC_WARN_ABOUT_RETURN_TYPE = YES_ERROR;
				GCC_WARN_UNDECLARED_SELECTOR = YES;
				GCC_WARN_UNINITIALIZED_AUTOS = YES_AGGRESSIVE;
				GCC_WARN_UNUSED_FUNCTION = YES;
				GCC_WARN_UNUSED_VARIABLE = YES;
				IPHONEOS_DEPLOYMENT_TARGET = 13.2;
				MTL_ENABLE_DEBUG_INFO = INCLUDE_SOURCE;
				MTL_FAST_MATH = YES;
				ONLY_ACTIVE_ARCH = YES;
				SDKROOT = iphoneos;
				SWIFT_ACTIVE_COMPILATION_CONDITIONS = DEBUG;
				SWIFT_OPTIMIZATION_LEVEL = "-Onone";
			};
			name = Debug;
		};
		3C4E8C42239745F20090C25F /* Release */ = {
			isa = XCBuildConfiguration;
			buildSettings = {
				ALWAYS_SEARCH_USER_PATHS = NO;
				CLANG_ANALYZER_NONNULL = YES;
				CLANG_ANALYZER_NUMBER_OBJECT_CONVERSION = YES_AGGRESSIVE;
				CLANG_CXX_LANGUAGE_STANDARD = "gnu++14";
				CLANG_CXX_LIBRARY = "libc++";
				CLANG_ENABLE_MODULES = YES;
				CLANG_ENABLE_OBJC_ARC = YES;
				CLANG_ENABLE_OBJC_WEAK = YES;
				CLANG_WARN_BLOCK_CAPTURE_AUTORELEASING = YES;
				CLANG_WARN_BOOL_CONVERSION = YES;
				CLANG_WARN_COMMA = YES;
				CLANG_WARN_CONSTANT_CONVERSION = YES;
				CLANG_WARN_DEPRECATED_OBJC_IMPLEMENTATIONS = YES;
				CLANG_WARN_DIRECT_OBJC_ISA_USAGE = YES_ERROR;
				CLANG_WARN_DOCUMENTATION_COMMENTS = YES;
				CLANG_WARN_EMPTY_BODY = YES;
				CLANG_WARN_ENUM_CONVERSION = YES;
				CLANG_WARN_INFINITE_RECURSION = YES;
				CLANG_WARN_INT_CONVERSION = YES;
				CLANG_WARN_NON_LITERAL_NULL_CONVERSION = YES;
				CLANG_WARN_OBJC_IMPLICIT_RETAIN_SELF = YES;
				CLANG_WARN_OBJC_LITERAL_CONVERSION = YES;
				CLANG_WARN_OBJC_ROOT_CLASS = YES_ERROR;
				CLANG_WARN_RANGE_LOOP_ANALYSIS = YES;
				CLANG_WARN_STRICT_PROTOTYPES = YES;
				CLANG_WARN_SUSPICIOUS_MOVE = YES;
				CLANG_WARN_UNGUARDED_AVAILABILITY = YES_AGGRESSIVE;
				CLANG_WARN_UNREACHABLE_CODE = YES;
				CLANG_WARN__DUPLICATE_METHOD_MATCH = YES;
				COPY_PHASE_STRIP = NO;
				DEBUG_INFORMATION_FORMAT = "dwarf-with-dsym";
				ENABLE_NS_ASSERTIONS = NO;
				ENABLE_STRICT_OBJC_MSGSEND = YES;
				GCC_C_LANGUAGE_STANDARD = gnu11;
				GCC_NO_COMMON_BLOCKS = YES;
				GCC_WARN_64_TO_32_BIT_CONVERSION = YES;
				GCC_WARN_ABOUT_RETURN_TYPE = YES_ERROR;
				GCC_WARN_UNDECLARED_SELECTOR = YES;
				GCC_WARN_UNINITIALIZED_AUTOS = YES_AGGRESSIVE;
				GCC_WARN_UNUSED_FUNCTION = YES;
				GCC_WARN_UNUSED_VARIABLE = YES;
				IPHONEOS_DEPLOYMENT_TARGET = 13.2;
				MTL_ENABLE_DEBUG_INFO = NO;
				MTL_FAST_MATH = YES;
				SDKROOT = iphoneos;
				SWIFT_COMPILATION_MODE = wholemodule;
				SWIFT_OPTIMIZATION_LEVEL = "-O";
				VALIDATE_PRODUCT = YES;
			};
			name = Release;
		};
		3C4E8C44239745F20090C25F /* Debug */ = {
			isa = XCBuildConfiguration;
			buildSettings = {
				ASSETCATALOG_COMPILER_APPICON_NAME = AppIcon;
				CODE_SIGN_STYLE = Automatic;
				DEVELOPMENT_TEAM = M467D9Z2F8;
				INFOPLIST_FILE = "ARKit-GIF-tutorial/Info.plist";
				LD_RUNPATH_SEARCH_PATHS = (
					"$(inherited)",
					"@executable_path/Frameworks",
				);
				PRODUCT_BUNDLE_IDENTIFIER = "com.modiumdesign.ARKit-GIF-tutorial";
				PRODUCT_NAME = "$(TARGET_NAME)";
				SWIFT_VERSION = 5.0;
				TARGETED_DEVICE_FAMILY = "1,2";
			};
			name = Debug;
		};
		3C4E8C45239745F20090C25F /* Release */ = {
			isa = XCBuildConfiguration;
			buildSettings = {
				ASSETCATALOG_COMPILER_APPICON_NAME = AppIcon;
				CODE_SIGN_STYLE = Automatic;
				DEVELOPMENT_TEAM = M467D9Z2F8;
				INFOPLIST_FILE = "ARKit-GIF-tutorial/Info.plist";
				LD_RUNPATH_SEARCH_PATHS = (
					"$(inherited)",
					"@executable_path/Frameworks",
				);
				PRODUCT_BUNDLE_IDENTIFIER = "com.modiumdesign.ARKit-GIF-tutorial";
				PRODUCT_NAME = "$(TARGET_NAME)";
				SWIFT_VERSION = 5.0;
				TARGETED_DEVICE_FAMILY = "1,2";
			};
			name = Release;
		};
/* End XCBuildConfiguration section */

/* Begin XCConfigurationList section */
		3C4E8C2A239745F10090C25F /* Build configuration list for PBXProject "ARKit-GIF-tutorial" */ = {
			isa = XCConfigurationList;
			buildConfigurations = (
				3C4E8C41239745F20090C25F /* Debug */,
				3C4E8C42239745F20090C25F /* Release */,
			);
			defaultConfigurationIsVisible = 0;
			defaultConfigurationName = Release;
		};
		3C4E8C43239745F20090C25F /* Build configuration list for PBXNativeTarget "ARKit-GIF-tutorial" */ = {
			isa = XCConfigurationList;
			buildConfigurations = (
				3C4E8C44239745F20090C25F /* Debug */,
				3C4E8C45239745F20090C25F /* Release */,
			);
			defaultConfigurationIsVisible = 0;
			defaultConfigurationName = Release;
		};
/* End XCConfigurationList section */
	};
	rootObject = 3C4E8C27239745F10090C25F /* Project object */;
}
